
Microsoft Visual Studio Solution File, Format Version 12.00
# Visual Studio Version 17
VisualStudioVersion = 17.10.34928.147
MinimumVisualStudioVersion = 10.0.40219.1
Project("{FAE04EC0-301F-11D3-BF4B-00C04F79EFBC}") = "AppMVC", "AppMVC\AppMVC.csproj", "{DBE40EC0-0259-48AA-968D-069CEFB97F42}"
EndProject
Global
	GlobalSection(SolutionConfigurationPlatforms) = preSolution
		Debug|Any CPU = Debug|Any CPU
		Release|Any CPU = Release|Any CPU
	EndGlobalSection
	GlobalSection(ProjectConfigurationPlatforms) = postSolution
		{DBE40EC0-0259-48AA-968D-069CEFB97F42}.Debug|Any CPU.ActiveCfg = Debug|Any CPU
		{DBE40EC0-0259-48AA-968D-069CEFB97F42}.Debug|Any CPU.Build.0 = Debug|Any CPU
		{DBE40EC0-0259-48AA-968D-069CEFB97F42}.Release|Any CPU.ActiveCfg = Release|Any CPU
		{DBE40EC0-0259-48AA-968D-069CEFB97F42}.Release|Any CPU.Build.0 = Release|Any CPU
	EndGlobalSection
	GlobalSection(SolutionProperties) = preSolution
		HideSolutionNode = FALSE
	EndGlobalSection
	GlobalSection(ExtensibilityGlobals) = postSolution
		SolutionGuid = {7D5A5BB9-F53F-4170-859D-E404313539B4}
	EndGlobalSection
EndGlobal
